// !$*UTF8*$!
{
	archiveVersion = 1;
	classes = {
	};
	objectVersion = 56;
	objects = {

/* Begin PBXBuildFile section */
		C328B29F29E481EF003099C0 /* AppDelegate.swift in Sources */ = {isa = PBXBuildFile; fileRef = C328B29E29E481EF003099C0 /* AppDelegate.swift */; };
		C328B2A129E481EF003099C0 /* SceneDelegate.swift in Sources */ = {isa = PBXBuildFile; fileRef = C328B2A029E481EF003099C0 /* SceneDelegate.swift */; };
		C328B2A329E481EF003099C0 /* MenuViewController.swift in Sources */ = {isa = PBXBuildFile; fileRef = C328B2A229E481EF003099C0 /* MenuViewController.swift */; };
		C328B2A829E481F0003099C0 /* Assets.xcassets in Resources */ = {isa = PBXBuildFile; fileRef = C328B2A729E481F0003099C0 /* Assets.xcassets */; };
		C328B2AB29E481F0003099C0 /* LaunchScreen.storyboard in Resources */ = {isa = PBXBuildFile; fileRef = C328B2A929E481F0003099C0 /* LaunchScreen.storyboard */; };
		C328B2B829E4975B003099C0 /* OptionsViewController.swift in Sources */ = {isa = PBXBuildFile; fileRef = C328B2B729E4975B003099C0 /* OptionsViewController.swift */; };
		C328B2BA29E497D3003099C0 /* Flags.swift in Sources */ = {isa = PBXBuildFile; fileRef = C328B2B929E497D3003099C0 /* Flags.swift */; };
		C328B2BC29E498AF003099C0 /* FlagsManager.swift in Sources */ = {isa = PBXBuildFile; fileRef = C328B2BB29E498AF003099C0 /* FlagsManager.swift */; };
		C35D490629E81A9200189ED5 /* ResultsViewController.swift in Sources */ = {isa = PBXBuildFile; fileRef = C35D490529E81A9200189ED5 /* ResultsViewController.swift */; };
		C3DEBFDF29EEF3C100BFE726 /* StorageManager.swift in Sources */ = {isa = PBXBuildFile; fileRef = C3DEBFDE29EEF3C100BFE726 /* StorageManager.swift */; };
		C3DEBFE129EEF92F00BFE726 /* OptionsManager.swift in Sources */ = {isa = PBXBuildFile; fileRef = C3DEBFE029EEF92F00BFE726 /* OptionsManager.swift */; };
		C3E7EED929E6C29C0036E4F0 /* StartGameViewController.swift in Sources */ = {isa = PBXBuildFile; fileRef = C3E7EED829E6C29C0036E4F0 /* StartGameViewController.swift */; };
		C3E7EEDC29E6D0DB0036E4F0 /* CustomHeader.swift in Sources */ = {isa = PBXBuildFile; fileRef = C3E7EEDB29E6D0DB0036E4F0 /* CustomHeader.swift */; };
		C3E7EEDF29E6E2510036E4F0 /* CustomCell.swift in Sources */ = {isa = PBXBuildFile; fileRef = C3E7EEDE29E6E2510036E4F0 /* CustomCell.swift */; };
/* End PBXBuildFile section */

/* Begin PBXFileReference section */
		C328B29B29E481EF003099C0 /* Questionnaire.app */ = {isa = PBXFileReference; explicitFileType = wrapper.application; includeInIndex = 0; path = Questionnaire.app; sourceTree = BUILT_PRODUCTS_DIR; };
		C328B29E29E481EF003099C0 /* AppDelegate.swift */ = {isa = PBXFileReference; lastKnownFileType = sourcecode.swift; path = AppDelegate.swift; sourceTree = "<group>"; };
		C328B2A029E481EF003099C0 /* SceneDelegate.swift */ = {isa = PBXFileReference; lastKnownFileType = sourcecode.swift; path = SceneDelegate.swift; sourceTree = "<group>"; };
		C328B2A229E481EF003099C0 /* MenuViewController.swift */ = {isa = PBXFileReference; lastKnownFileType = sourcecode.swift; path = MenuViewController.swift; sourceTree = "<group>"; };
		C328B2A729E481F0003099C0 /* Assets.xcassets */ = {isa = PBXFileReference; lastKnownFileType = folder.assetcatalog; path = Assets.xcassets; sourceTree = "<group>"; };
		C328B2AA29E481F0003099C0 /* Base */ = {isa = PBXFileReference; lastKnownFileType = file.storyboard; name = Base; path = Base.lproj/LaunchScreen.storyboard; sourceTree = "<group>"; };
		C328B2AC29E481F0003099C0 /* Info.plist */ = {isa = PBXFileReference; lastKnownFileType = text.plist.xml; path = Info.plist; sourceTree = "<group>"; };
		C328B2B729E4975B003099C0 /* OptionsViewController.swift */ = {isa = PBXFileReference; lastKnownFileType = sourcecode.swift; path = OptionsViewController.swift; sourceTree = "<group>"; };
		C328B2B929E497D3003099C0 /* Flags.swift */ = {isa = PBXFileReference; lastKnownFileType = sourcecode.swift; path = Flags.swift; sourceTree = "<group>"; };
		C328B2BB29E498AF003099C0 /* FlagsManager.swift */ = {isa = PBXFileReference; lastKnownFileType = sourcecode.swift; path = FlagsManager.swift; sourceTree = "<group>"; };
		C35D490529E81A9200189ED5 /* ResultsViewController.swift */ = {isa = PBXFileReference; lastKnownFileType = sourcecode.swift; path = ResultsViewController.swift; sourceTree = "<group>"; };
		C3DEBFDE29EEF3C100BFE726 /* StorageManager.swift */ = {isa = PBXFileReference; lastKnownFileType = sourcecode.swift; path = StorageManager.swift; sourceTree = "<group>"; };
		C3DEBFE029EEF92F00BFE726 /* OptionsManager.swift */ = {isa = PBXFileReference; lastKnownFileType = sourcecode.swift; path = OptionsManager.swift; sourceTree = "<group>"; };
		C3E7EED829E6C29C0036E4F0 /* StartGameViewController.swift */ = {isa = PBXFileReference; lastKnownFileType = sourcecode.swift; path = StartGameViewController.swift; sourceTree = "<group>"; };
		C3E7EEDB29E6D0DB0036E4F0 /* CustomHeader.swift */ = {isa = PBXFileReference; lastKnownFileType = sourcecode.swift; path = CustomHeader.swift; sourceTree = "<group>"; };
		C3E7EEDE29E6E2510036E4F0 /* CustomCell.swift */ = {isa = PBXFileReference; lastKnownFileType = sourcecode.swift; path = CustomCell.swift; sourceTree = "<group>"; };
/* End PBXFileReference section */

/* Begin PBXFrameworksBuildPhase section */
		C328B29829E481EF003099C0 /* Frameworks */ = {
			isa = PBXFrameworksBuildPhase;
			buildActionMask = 2147483647;
			files = (
			);
			runOnlyForDeploymentPostprocessing = 0;
		};
/* End PBXFrameworksBuildPhase section */

/* Begin PBXGroup section */
		C328B29229E481EF003099C0 = {
			isa = PBXGroup;
			children = (
				C328B29D29E481EF003099C0 /* Questionnaire */,
				C328B29C29E481EF003099C0 /* Products */,
			);
			sourceTree = "<group>";
		};
		C328B29C29E481EF003099C0 /* Products */ = {
			isa = PBXGroup;
			children = (
				C328B29B29E481EF003099C0 /* Questionnaire.app */,
			);
			name = Products;
			sourceTree = "<group>";
		};
		C328B29D29E481EF003099C0 /* Questionnaire */ = {
			isa = PBXGroup;
			children = (
				C328B2B229E48388003099C0 /* Application */,
				C3DEBFDD29EEF3AD00BFE726 /* StorageManager */,
				C328B2B629E487E1003099C0 /* Views */,
				C328B2B529E487D8003099C0 /* Models */,
				C328B2B429E483AD003099C0 /* Controllers */,
				C328B2B329E4839E003099C0 /* Supporting */,
			);
			path = Questionnaire;
			sourceTree = "<group>";
		};
		C328B2B229E48388003099C0 /* Application */ = {
			isa = PBXGroup;
			children = (
				C328B29E29E481EF003099C0 /* AppDelegate.swift */,
				C328B2A029E481EF003099C0 /* SceneDelegate.swift */,
			);
			path = Application;
			sourceTree = "<group>";
		};
		C328B2B329E4839E003099C0 /* Supporting */ = {
			isa = PBXGroup;
			children = (
				C328B2A729E481F0003099C0 /* Assets.xcassets */,
				C328B2A929E481F0003099C0 /* LaunchScreen.storyboard */,
				C328B2AC29E481F0003099C0 /* Info.plist */,
			);
			path = Supporting;
			sourceTree = "<group>";
		};
		C328B2B429E483AD003099C0 /* Controllers */ = {
			isa = PBXGroup;
			children = (
				C3E7EEDA29E6D0500036E4F0 /* UITableViewHeaderFooterView */,
				C3E7EEDD29E6E23E0036E4F0 /* UITableViewCell */,
				C328B2A229E481EF003099C0 /* MenuViewController.swift */,
				C3E7EED829E6C29C0036E4F0 /* StartGameViewController.swift */,
				C35D490529E81A9200189ED5 /* ResultsViewController.swift */,
				C328B2B729E4975B003099C0 /* OptionsViewController.swift */,
			);
			path = Controllers;
			sourceTree = "<group>";
		};
		C328B2B529E487D8003099C0 /* Models */ = {
			isa = PBXGroup;
			children = (
				C328B2B929E497D3003099C0 /* Flags.swift */,
				C328B2BB29E498AF003099C0 /* FlagsManager.swift */,
				C3DEBFE029EEF92F00BFE726 /* OptionsManager.swift */,
			);
			path = Models;
			sourceTree = "<group>";
		};
		C328B2B629E487E1003099C0 /* Views */ = {
			isa = PBXGroup;
			children = (
			);
			path = Views;
			sourceTree = "<group>";
		};
		C3DEBFDD29EEF3AD00BFE726 /* StorageManager */ = {
			isa = PBXGroup;
			children = (
				C3DEBFDE29EEF3C100BFE726 /* StorageManager.swift */,
			);
			path = StorageManager;
			sourceTree = "<group>";
		};
		C3E7EEDA29E6D0500036E4F0 /* UITableViewHeaderFooterView */ = {
			isa = PBXGroup;
			children = (
				C3E7EEDB29E6D0DB0036E4F0 /* CustomHeader.swift */,
			);
			path = UITableViewHeaderFooterView;
			sourceTree = "<group>";
		};
		C3E7EEDD29E6E23E0036E4F0 /* UITableViewCell */ = {
			isa = PBXGroup;
			children = (
				C3E7EEDE29E6E2510036E4F0 /* CustomCell.swift */,
			);
			path = UITableViewCell;
			sourceTree = "<group>";
		};
/* End PBXGroup section */

/* Begin PBXNativeTarget section */
		C328B29A29E481EF003099C0 /* Questionnaire */ = {
			isa = PBXNativeTarget;
			buildConfigurationList = C328B2AF29E481F0003099C0 /* Build configuration list for PBXNativeTarget "Questionnaire" */;
			buildPhases = (
				C328B29729E481EF003099C0 /* Sources */,
				C328B29829E481EF003099C0 /* Frameworks */,
				C328B29929E481EF003099C0 /* Resources */,
			);
			buildRules = (
			);
			dependencies = (
			);
			name = Questionnaire;
			productName = Questionnaire;
			productReference = C328B29B29E481EF003099C0 /* Questionnaire.app */;
			productType = "com.apple.product-type.application";
		};
/* End PBXNativeTarget section */

/* Begin PBXProject section */
		C328B29329E481EF003099C0 /* Project object */ = {
			isa = PBXProject;
			attributes = {
				BuildIndependentTargetsInParallel = 1;
				LastSwiftUpdateCheck = 1430;
				LastUpgradeCheck = 1430;
				TargetAttributes = {
					C328B29A29E481EF003099C0 = {
						CreatedOnToolsVersion = 14.3;
					};
				};
			};
			buildConfigurationList = C328B29629E481EF003099C0 /* Build configuration list for PBXProject "Questionnaire" */;
			compatibilityVersion = "Xcode 14.0";
			developmentRegion = en;
			hasScannedForEncodings = 0;
			knownRegions = (
				en,
				Base,
			);
			mainGroup = C328B29229E481EF003099C0;
			productRefGroup = C328B29C29E481EF003099C0 /* Products */;
			projectDirPath = "";
			projectRoot = "";
			targets = (
				C328B29A29E481EF003099C0 /* Questionnaire */,
			);
		};
/* End PBXProject section */

/* Begin PBXResourcesBuildPhase section */
		C328B29929E481EF003099C0 /* Resources */ = {
			isa = PBXResourcesBuildPhase;
			buildActionMask = 2147483647;
			files = (
				C328B2AB29E481F0003099C0 /* LaunchScreen.storyboard in Resources */,
				C328B2A829E481F0003099C0 /* Assets.xcassets in Resources */,
			);
			runOnlyForDeploymentPostprocessing = 0;
		};
/* End PBXResourcesBuildPhase section */

/* Begin PBXSourcesBuildPhase section */
		C328B29729E481EF003099C0 /* Sources */ = {
			isa = PBXSourcesBuildPhase;
			buildActionMask = 2147483647;
			files = (
				C3E7EED929E6C29C0036E4F0 /* StartGameViewController.swift in Sources */,
				C3E7EEDC29E6D0DB0036E4F0 /* CustomHeader.swift in Sources */,
				C3DEBFE129EEF92F00BFE726 /* OptionsManager.swift in Sources */,
				C3DEBFDF29EEF3C100BFE726 /* StorageManager.swift in Sources */,
				C328B2A329E481EF003099C0 /* MenuViewController.swift in Sources */,
				C35D490629E81A9200189ED5 /* ResultsViewController.swift in Sources */,
				C328B2BA29E497D3003099C0 /* Flags.swift in Sources */,
				C3E7EEDF29E6E2510036E4F0 /* CustomCell.swift in Sources */,
				C328B2B829E4975B003099C0 /* OptionsViewController.swift in Sources */,
				C328B29F29E481EF003099C0 /* AppDelegate.swift in Sources */,
				C328B2A129E481EF003099C0 /* SceneDelegate.swift in Sources */,
				C328B2BC29E498AF003099C0 /* FlagsManager.swift in Sources */,
			);
			runOnlyForDeploymentPostprocessing = 0;
		};
/* End PBXSourcesBuildPhase section */

/* Begin PBXVariantGroup section */
		C328B2A929E481F0003099C0 /* LaunchScreen.storyboard */ = {
			isa = PBXVariantGroup;
			children = (
				C328B2AA29E481F0003099C0 /* Base */,
			);
			name = LaunchScreen.storyboard;
			sourceTree = "<group>";
		};
/* End PBXVariantGroup section */

/* Begin XCBuildConfiguration section */
		C328B2AD29E481F0003099C0 /* Debug */ = {
			isa = XCBuildConfiguration;
			buildSettings = {
				ALWAYS_SEARCH_USER_PATHS = NO;
				CLANG_ANALYZER_NONNULL = YES;
				CLANG_ANALYZER_NUMBER_OBJECT_CONVERSION = YES_AGGRESSIVE;
				CLANG_CXX_LANGUAGE_STANDARD = "gnu++20";
				CLANG_ENABLE_MODULES = YES;
				CLANG_ENABLE_OBJC_ARC = YES;
				CLANG_ENABLE_OBJC_WEAK = YES;
				CLANG_WARN_BLOCK_CAPTURE_AUTORELEASING = YES;
				CLANG_WARN_BOOL_CONVERSION = YES;
				CLANG_WARN_COMMA = YES;
				CLANG_WARN_CONSTANT_CONVERSION = YES;
				CLANG_WARN_DEPRECATED_OBJC_IMPLEMENTATIONS = YES;
				CLANG_WARN_DIRECT_OBJC_ISA_USAGE = YES_ERROR;
				CLANG_WARN_DOCUMENTATION_COMMENTS = YES;
				CLANG_WARN_EMPTY_BODY = YES;
				CLANG_WARN_ENUM_CONVERSION = YES;
				CLANG_WARN_INFINITE_RECURSION = YES;
				CLANG_WARN_INT_CONVERSION = YES;
				CLANG_WARN_NON_LITERAL_NULL_CONVERSION = YES;
				CLANG_WARN_OBJC_IMPLICIT_RETAIN_SELF = YES;
				CLANG_WARN_OBJC_LITERAL_CONVERSION = YES;
				CLANG_WARN_OBJC_ROOT_CLASS = YES_ERROR;
				CLANG_WARN_QUOTED_INCLUDE_IN_FRAMEWORK_HEADER = YES;
				CLANG_WARN_RANGE_LOOP_ANALYSIS = YES;
				CLANG_WARN_STRICT_PROTOTYPES = YES;
				CLANG_WARN_SUSPICIOUS_MOVE = YES;
				CLANG_WARN_UNGUARDED_AVAILABILITY = YES_AGGRESSIVE;
				CLANG_WARN_UNREACHABLE_CODE = YES;
				CLANG_WARN__DUPLICATE_METHOD_MATCH = YES;
				COPY_PHASE_STRIP = NO;
				DEBUG_INFORMATION_FORMAT = dwarf;
				ENABLE_STRICT_OBJC_MSGSEND = YES;
				ENABLE_TESTABILITY = YES;
				GCC_C_LANGUAGE_STANDARD = gnu11;
				GCC_DYNAMIC_NO_PIC = NO;
				GCC_NO_COMMON_BLOCKS = YES;
				GCC_OPTIMIZATION_LEVEL = 0;
				GCC_PREPROCESSOR_DEFINITIONS = (
					"DEBUG=1",
					"$(inherited)",
				);
				GCC_WARN_64_TO_32_BIT_CONVERSION = YES;
				GCC_WARN_ABOUT_RETURN_TYPE = YES_ERROR;
				GCC_WARN_UNDECLARED_SELECTOR = YES;
				GCC_WARN_UNINITIALIZED_AUTOS = YES_AGGRESSIVE;
				GCC_WARN_UNUSED_FUNCTION = YES;
				GCC_WARN_UNUSED_VARIABLE = YES;
				IPHONEOS_DEPLOYMENT_TARGET = 16.4;
				MTL_ENABLE_DEBUG_INFO = INCLUDE_SOURCE;
				MTL_FAST_MATH = YES;
				ONLY_ACTIVE_ARCH = YES;
				SDKROOT = iphoneos;
				SWIFT_ACTIVE_COMPILATION_CONDITIONS = DEBUG;
				SWIFT_OPTIMIZATION_LEVEL = "-Onone";
			};
			name = Debug;
		};
		C328B2AE29E481F0003099C0 /* Release */ = {
			isa = XCBuildConfiguration;
			buildSettings = {
				ALWAYS_SEARCH_USER_PATHS = NO;
				CLANG_ANALYZER_NONNULL = YES;
				CLANG_ANALYZER_NUMBER_OBJECT_CONVERSION = YES_AGGRESSIVE;
				CLANG_CXX_LANGUAGE_STANDARD = "gnu++20";
				CLANG_ENABLE_MODULES = YES;
				CLANG_ENABLE_OBJC_ARC = YES;
				CLANG_ENABLE_OBJC_WEAK = YES;
				CLANG_WARN_BLOCK_CAPTURE_AUTORELEASING = YES;
				CLANG_WARN_BOOL_CONVERSION = YES;
				CLANG_WARN_COMMA = YES;
				CLANG_WARN_CONSTANT_CONVERSION = YES;
				CLANG_WARN_DEPRECATED_OBJC_IMPLEMENTATIONS = YES;
				CLANG_WARN_DIRECT_OBJC_ISA_USAGE = YES_ERROR;
				CLANG_WARN_DOCUMENTATION_COMMENTS = YES;
				CLANG_WARN_EMPTY_BODY = YES;
				CLANG_WARN_ENUM_CONVERSION = YES;
				CLANG_WARN_INFINITE_RECURSION = YES;
				CLANG_WARN_INT_CONVERSION = YES;
				CLANG_WARN_NON_LITERAL_NULL_CONVERSION = YES;
				CLANG_WARN_OBJC_IMPLICIT_RETAIN_SELF = YES;
				CLANG_WARN_OBJC_LITERAL_CONVERSION = YES;
				CLANG_WARN_OBJC_ROOT_CLASS = YES_ERROR;
				CLANG_WARN_QUOTED_INCLUDE_IN_FRAMEWORK_HEADER = YES;
				CLANG_WARN_RANGE_LOOP_ANALYSIS = YES;
				CLANG_WARN_STRICT_PROTOTYPES = YES;
				CLANG_WARN_SUSPICIOUS_MOVE = YES;
				CLANG_WARN_UNGUARDED_AVAILABILITY = YES_AGGRESSIVE;
				CLANG_WARN_UNREACHABLE_CODE = YES;
				CLANG_WARN__DUPLICATE_METHOD_MATCH = YES;
				COPY_PHASE_STRIP = NO;
				DEBUG_INFORMATION_FORMAT = "dwarf-with-dsym";
				ENABLE_NS_ASSERTIONS = NO;
				ENABLE_STRICT_OBJC_MSGSEND = YES;
				GCC_C_LANGUAGE_STANDARD = gnu11;
				GCC_NO_COMMON_BLOCKS = YES;
				GCC_WARN_64_TO_32_BIT_CONVERSION = YES;
				GCC_WARN_ABOUT_RETURN_TYPE = YES_ERROR;
				GCC_WARN_UNDECLARED_SELECTOR = YES;
				GCC_WARN_UNINITIALIZED_AUTOS = YES_AGGRESSIVE;
				GCC_WARN_UNUSED_FUNCTION = YES;
				GCC_WARN_UNUSED_VARIABLE = YES;
				IPHONEOS_DEPLOYMENT_TARGET = 16.4;
				MTL_ENABLE_DEBUG_INFO = NO;
				MTL_FAST_MATH = YES;
				SDKROOT = iphoneos;
				SWIFT_COMPILATION_MODE = wholemodule;
				SWIFT_OPTIMIZATION_LEVEL = "-O";
				VALIDATE_PRODUCT = YES;
			};
			name = Release;
		};
		C328B2B029E481F0003099C0 /* Debug */ = {
			isa = XCBuildConfiguration;
			buildSettings = {
				ASSETCATALOG_COMPILER_APPICON_NAME = AppIcon;
				ASSETCATALOG_COMPILER_GLOBAL_ACCENT_COLOR_NAME = AccentColor;
				CODE_SIGN_STYLE = Automatic;
				CURRENT_PROJECT_VERSION = 1;
				GENERATE_INFOPLIST_FILE = YES;
				INFOPLIST_FILE = Questionnaire/Supporting/Info.plist;
				INFOPLIST_KEY_UIApplicationSupportsIndirectInputEvents = YES;
				INFOPLIST_KEY_UILaunchStoryboardName = LaunchScreen;
				INFOPLIST_KEY_UISupportedInterfaceOrientations_iPad = "UIInterfaceOrientationPortrait UIInterfaceOrientationPortraitUpsideDown UIInterfaceOrientationLandscapeLeft UIInterfaceOrientationLandscapeRight";
				INFOPLIST_KEY_UISupportedInterfaceOrientations_iPhone = "UIInterfaceOrientationPortrait UIInterfaceOrientationLandscapeLeft UIInterfaceOrientationLandscapeRight";
				LD_RUNPATH_SEARCH_PATHS = (
					"$(inherited)",
					"@executable_path/Frameworks",
				);
				MARKETING_VERSION = 1.0;
				PRODUCT_BUNDLE_IDENTIFIER = Shagiakhmetov.Questionnaire;
				PRODUCT_NAME = "$(TARGET_NAME)";
				SWIFT_EMIT_LOC_STRINGS = YES;
				SWIFT_VERSION = 5.0;
				TARGETED_DEVICE_FAMILY = "1,2";
			};
			name = Debug;
		};
		C328B2B129E481F0003099C0 /* Release */ = {
			isa = XCBuildConfiguration;
			buildSettings = {
				ASSETCATALOG_COMPILER_APPICON_NAME = AppIcon;
				ASSETCATALOG_COMPILER_GLOBAL_ACCENT_COLOR_NAME = AccentColor;
				CODE_SIGN_STYLE = Automatic;
				CURRENT_PROJECT_VERSION = 1;
				GENERATE_INFOPLIST_FILE = YES;
				INFOPLIST_FILE = Questionnaire/Supporting/Info.plist;
				INFOPLIST_KEY_UIApplicationSupportsIndirectInputEvents = YES;
				INFOPLIST_KEY_UILaunchStoryboardName = LaunchScreen;
				INFOPLIST_KEY_UISupportedInterfaceOrientations_iPad = "UIInterfaceOrientationPortrait UIInterfaceOrientationPortraitUpsideDown UIInterfaceOrientationLandscapeLeft UIInterfaceOrientationLandscapeRight";
				INFOPLIST_KEY_UISupportedInterfaceOrientations_iPhone = "UIInterfaceOrientationPortrait UIInterfaceOrientationLandscapeLeft UIInterfaceOrientationLandscapeRight";
				LD_RUNPATH_SEARCH_PATHS = (
					"$(inherited)",
					"@executable_path/Frameworks",
				);
				MARKETING_VERSION = 1.0;
				PRODUCT_BUNDLE_IDENTIFIER = Shagiakhmetov.Questionnaire;
				PRODUCT_NAME = "$(TARGET_NAME)";
				SWIFT_EMIT_LOC_STRINGS = YES;
				SWIFT_VERSION = 5.0;
				TARGETED_DEVICE_FAMILY = "1,2";
			};
			name = Release;
		};
/* End XCBuildConfiguration section */

/* Begin XCConfigurationList section */
		C328B29629E481EF003099C0 /* Build configuration list for PBXProject "Questionnaire" */ = {
			isa = XCConfigurationList;
			buildConfigurations = (
				C328B2AD29E481F0003099C0 /* Debug */,
				C328B2AE29E481F0003099C0 /* Release */,
			);
			defaultConfigurationIsVisible = 0;
			defaultConfigurationName = Release;
		};
		C328B2AF29E481F0003099C0 /* Build configuration list for PBXNativeTarget "Questionnaire" */ = {
			isa = XCConfigurationList;
			buildConfigurations = (
				C328B2B029E481F0003099C0 /* Debug */,
				C328B2B129E481F0003099C0 /* Release */,
			);
			defaultConfigurationIsVisible = 0;
			defaultConfigurationName = Release;
		};
/* End XCConfigurationList section */
	};
	rootObject = C328B29329E481EF003099C0 /* Project object */;
}
